// !$*UTF8*$!
{
	archiveVersion = 1;
	classes = {
	};
	objectVersion = 46;
	objects = {

/* Begin PBXBuildFile section */
		2E8586541BDC6A4C00CB4374 /* TLT_SIgn_in_app notes.txt in Resources */ = {isa = PBXBuildFile; fileRef = 2E8586531BDC6A4C00CB4374 /* TLT_SIgn_in_app notes.txt */; settings = {ASSET_TAGS = (); }; };
		2EB94A771BD32801006C2432 /* AppDelegate.swift in Sources */ = {isa = PBXBuildFile; fileRef = 2EB94A761BD32801006C2432 /* AppDelegate.swift */; };
		2EB94A791BD32801006C2432 /* ViewController.swift in Sources */ = {isa = PBXBuildFile; fileRef = 2EB94A781BD32801006C2432 /* ViewController.swift */; };
		2EB94A7C1BD32801006C2432 /* Main.storyboard in Resources */ = {isa = PBXBuildFile; fileRef = 2EB94A7A1BD32801006C2432 /* Main.storyboard */; };
		2EB94A7E1BD32801006C2432 /* Assets.xcassets in Resources */ = {isa = PBXBuildFile; fileRef = 2EB94A7D1BD32801006C2432 /* Assets.xcassets */; };
		2EB94A811BD32801006C2432 /* LaunchScreen.storyboard in Resources */ = {isa = PBXBuildFile; fileRef = 2EB94A7F1BD32801006C2432 /* LaunchScreen.storyboard */; };
		2EF55A2A1BD9D45E00C9FA29 /* Bolts.framework in Frameworks */ = {isa = PBXBuildFile; fileRef = 2EF55A231BD9D45E00C9FA29 /* Bolts.framework */; settings = {ASSET_TAGS = (); }; };
		2EF55A2B1BD9D45E00C9FA29 /* Parse.framework in Frameworks */ = {isa = PBXBuildFile; fileRef = 2EF55A241BD9D45E00C9FA29 /* Parse.framework */; settings = {ASSET_TAGS = (); }; };
		2EF55A2C1BD9D45E00C9FA29 /* ParseCrashReporting.framework in Frameworks */ = {isa = PBXBuildFile; fileRef = 2EF55A251BD9D45E00C9FA29 /* ParseCrashReporting.framework */; settings = {ASSET_TAGS = (); }; };
		2EF55A2D1BD9D45E00C9FA29 /* ParseFacebookUtils.framework in Frameworks */ = {isa = PBXBuildFile; fileRef = 2EF55A261BD9D45E00C9FA29 /* ParseFacebookUtils.framework */; settings = {ASSET_TAGS = (); }; };
		2EF55A2E1BD9D45E00C9FA29 /* ParseFacebookUtilsV4.framework in Frameworks */ = {isa = PBXBuildFile; fileRef = 2EF55A271BD9D45E00C9FA29 /* ParseFacebookUtilsV4.framework */; settings = {ASSET_TAGS = (); }; };
		2EF55A2F1BD9D45E00C9FA29 /* ParseTwitterUtils.framework in Frameworks */ = {isa = PBXBuildFile; fileRef = 2EF55A281BD9D45E00C9FA29 /* ParseTwitterUtils.framework */; settings = {ASSET_TAGS = (); }; };
		2EF55A301BD9D45E00C9FA29 /* ParseUI.framework in Frameworks */ = {isa = PBXBuildFile; fileRef = 2EF55A291BD9D45E00C9FA29 /* ParseUI.framework */; settings = {ASSET_TAGS = (); }; };
		2EF55A321BD9D47E00C9FA29 /* AudioToolbox.framework in Frameworks */ = {isa = PBXBuildFile; fileRef = 2EF55A311BD9D47E00C9FA29 /* AudioToolbox.framework */; };
		2EF55A341BD9D49400C9FA29 /* CFNetwork.framework in Frameworks */ = {isa = PBXBuildFile; fileRef = 2EF55A331BD9D49400C9FA29 /* CFNetwork.framework */; };
		2EF55A361BD9D49B00C9FA29 /* CoreGraphics.framework in Frameworks */ = {isa = PBXBuildFile; fileRef = 2EF55A351BD9D49B00C9FA29 /* CoreGraphics.framework */; };
		2EF55A381BD9D4A200C9FA29 /* CoreLocation.framework in Frameworks */ = {isa = PBXBuildFile; fileRef = 2EF55A371BD9D4A100C9FA29 /* CoreLocation.framework */; };
		2EF55A3A1BD9D4AC00C9FA29 /* QuartzCore.framework in Frameworks */ = {isa = PBXBuildFile; fileRef = 2EF55A391BD9D4AC00C9FA29 /* QuartzCore.framework */; };
		2EF55A3C1BD9D4B200C9FA29 /* Security.framework in Frameworks */ = {isa = PBXBuildFile; fileRef = 2EF55A3B1BD9D4B200C9FA29 /* Security.framework */; };
		2EF55A3E1BD9D4B700C9FA29 /* StoreKit.framework in Frameworks */ = {isa = PBXBuildFile; fileRef = 2EF55A3D1BD9D4B700C9FA29 /* StoreKit.framework */; };
		2EF55A401BD9D4BE00C9FA29 /* SystemConfiguration.framework in Frameworks */ = {isa = PBXBuildFile; fileRef = 2EF55A3F1BD9D4BE00C9FA29 /* SystemConfiguration.framework */; };
		2EF55A421BD9D4D300C9FA29 /* libz.tbd in Frameworks */ = {isa = PBXBuildFile; fileRef = 2EF55A411BD9D4D300C9FA29 /* libz.tbd */; };
		2EF55A441BD9D4E400C9FA29 /* libsqlite3.tbd in Frameworks */ = {isa = PBXBuildFile; fileRef = 2EF55A431BD9D4E400C9FA29 /* libsqlite3.tbd */; };
		2EF55A481BD9DA9600C9FA29 /* .gitignore in Resources */ = {isa = PBXBuildFile; fileRef = 2EF55A471BD9DA9600C9FA29 /* .gitignore */; settings = {ASSET_TAGS = (); }; };
/* End PBXBuildFile section */

/* Begin PBXFileReference section */
		2E2972C41BD46B1100F941F7 /* CONTRIBUTING.md */ = {isa = PBXFileReference; fileEncoding = 4; lastKnownFileType = net.daringfireball.markdown; path = CONTRIBUTING.md; sourceTree = "<group>"; };
		2E3D21911BD7674A00DDE5F7 /* Design_overview.png */ = {isa = PBXFileReference; lastKnownFileType = image.png; path = Design_overview.png; sourceTree = "<group>"; };
		2E8586531BDC6A4C00CB4374 /* TLT_SIgn_in_app notes.txt */ = {isa = PBXFileReference; fileEncoding = 4; lastKnownFileType = text; path = "TLT_SIgn_in_app notes.txt"; sourceTree = "<group>"; };
		2EB7FF411BDB1DAF00037DB4 /* androidSignIn.html */ = {isa = PBXFileReference; fileEncoding = 4; lastKnownFileType = text.html; path = androidSignIn.html; sourceTree = "<group>"; };
		2EB94A731BD32801006C2432 /* TLT_SIgn_in_app.app */ = {isa = PBXFileReference; explicitFileType = wrapper.application; includeInIndex = 0; path = TLT_SIgn_in_app.app; sourceTree = BUILT_PRODUCTS_DIR; };
		2EB94A761BD32801006C2432 /* AppDelegate.swift */ = {isa = PBXFileReference; lastKnownFileType = sourcecode.swift; path = AppDelegate.swift; sourceTree = "<group>"; };
		2EB94A781BD32801006C2432 /* ViewController.swift */ = {isa = PBXFileReference; lastKnownFileType = sourcecode.swift; path = ViewController.swift; sourceTree = "<group>"; };
		2EB94A7B1BD32801006C2432 /* Base */ = {isa = PBXFileReference; lastKnownFileType = file.storyboard; name = Base; path = Base.lproj/Main.storyboard; sourceTree = "<group>"; };
		2EB94A7D1BD32801006C2432 /* Assets.xcassets */ = {isa = PBXFileReference; lastKnownFileType = folder.assetcatalog; path = Assets.xcassets; sourceTree = "<group>"; };
		2EB94A801BD32801006C2432 /* Base */ = {isa = PBXFileReference; lastKnownFileType = file.storyboard; name = Base; path = Base.lproj/LaunchScreen.storyboard; sourceTree = "<group>"; };
		2EB94A821BD32801006C2432 /* Info.plist */ = {isa = PBXFileReference; lastKnownFileType = text.plist.xml; path = Info.plist; sourceTree = "<group>"; };
		2EB94A881BD32D0B006C2432 /* README.md */ = {isa = PBXFileReference; fileEncoding = 4; lastKnownFileType = net.daringfireball.markdown; path = README.md; sourceTree = "<group>"; };
		2EF55A231BD9D45E00C9FA29 /* Bolts.framework */ = {isa = PBXFileReference; lastKnownFileType = wrapper.framework; path = Bolts.framework; sourceTree = "<group>"; };
		2EF55A241BD9D45E00C9FA29 /* Parse.framework */ = {isa = PBXFileReference; lastKnownFileType = wrapper.framework; path = Parse.framework; sourceTree = "<group>"; };
		2EF55A251BD9D45E00C9FA29 /* ParseCrashReporting.framework */ = {isa = PBXFileReference; lastKnownFileType = wrapper.framework; path = ParseCrashReporting.framework; sourceTree = "<group>"; };
		2EF55A261BD9D45E00C9FA29 /* ParseFacebookUtils.framework */ = {isa = PBXFileReference; lastKnownFileType = wrapper.framework; path = ParseFacebookUtils.framework; sourceTree = "<group>"; };
		2EF55A271BD9D45E00C9FA29 /* ParseFacebookUtilsV4.framework */ = {isa = PBXFileReference; lastKnownFileType = wrapper.framework; path = ParseFacebookUtilsV4.framework; sourceTree = "<group>"; };
		2EF55A281BD9D45E00C9FA29 /* ParseTwitterUtils.framework */ = {isa = PBXFileReference; lastKnownFileType = wrapper.framework; path = ParseTwitterUtils.framework; sourceTree = "<group>"; };
		2EF55A291BD9D45E00C9FA29 /* ParseUI.framework */ = {isa = PBXFileReference; lastKnownFileType = wrapper.framework; path = ParseUI.framework; sourceTree = "<group>"; };
		2EF55A311BD9D47E00C9FA29 /* AudioToolbox.framework */ = {isa = PBXFileReference; lastKnownFileType = wrapper.framework; name = AudioToolbox.framework; path = System/Library/Frameworks/AudioToolbox.framework; sourceTree = SDKROOT; };
		2EF55A331BD9D49400C9FA29 /* CFNetwork.framework */ = {isa = PBXFileReference; lastKnownFileType = wrapper.framework; name = CFNetwork.framework; path = System/Library/Frameworks/CFNetwork.framework; sourceTree = SDKROOT; };
		2EF55A351BD9D49B00C9FA29 /* CoreGraphics.framework */ = {isa = PBXFileReference; lastKnownFileType = wrapper.framework; name = CoreGraphics.framework; path = System/Library/Frameworks/CoreGraphics.framework; sourceTree = SDKROOT; };
		2EF55A371BD9D4A100C9FA29 /* CoreLocation.framework */ = {isa = PBXFileReference; lastKnownFileType = wrapper.framework; name = CoreLocation.framework; path = System/Library/Frameworks/CoreLocation.framework; sourceTree = SDKROOT; };
		2EF55A391BD9D4AC00C9FA29 /* QuartzCore.framework */ = {isa = PBXFileReference; lastKnownFileType = wrapper.framework; name = QuartzCore.framework; path = System/Library/Frameworks/QuartzCore.framework; sourceTree = SDKROOT; };
		2EF55A3B1BD9D4B200C9FA29 /* Security.framework */ = {isa = PBXFileReference; lastKnownFileType = wrapper.framework; name = Security.framework; path = System/Library/Frameworks/Security.framework; sourceTree = SDKROOT; };
		2EF55A3D1BD9D4B700C9FA29 /* StoreKit.framework */ = {isa = PBXFileReference; lastKnownFileType = wrapper.framework; name = StoreKit.framework; path = System/Library/Frameworks/StoreKit.framework; sourceTree = SDKROOT; };
		2EF55A3F1BD9D4BE00C9FA29 /* SystemConfiguration.framework */ = {isa = PBXFileReference; lastKnownFileType = wrapper.framework; name = SystemConfiguration.framework; path = System/Library/Frameworks/SystemConfiguration.framework; sourceTree = SDKROOT; };
		2EF55A411BD9D4D300C9FA29 /* libz.tbd */ = {isa = PBXFileReference; lastKnownFileType = "sourcecode.text-based-dylib-definition"; name = libz.tbd; path = usr/lib/libz.tbd; sourceTree = SDKROOT; };
		2EF55A431BD9D4E400C9FA29 /* libsqlite3.tbd */ = {isa = PBXFileReference; lastKnownFileType = "sourcecode.text-based-dylib-definition"; name = libsqlite3.tbd; path = usr/lib/libsqlite3.tbd; sourceTree = SDKROOT; };
		2EF55A471BD9DA9600C9FA29 /* .gitignore */ = {isa = PBXFileReference; fileEncoding = 4; lastKnownFileType = text; path = .gitignore; sourceTree = "<group>"; };
/* End PBXFileReference section */

/* Begin PBXFrameworksBuildPhase section */
		2EB94A701BD32801006C2432 /* Frameworks */ = {
			isa = PBXFrameworksBuildPhase;
			buildActionMask = 2147483647;
			files = (
				2EF55A441BD9D4E400C9FA29 /* libsqlite3.tbd in Frameworks */,
				2EF55A421BD9D4D300C9FA29 /* libz.tbd in Frameworks */,
				2EF55A401BD9D4BE00C9FA29 /* SystemConfiguration.framework in Frameworks */,
				2EF55A3E1BD9D4B700C9FA29 /* StoreKit.framework in Frameworks */,
				2EF55A3C1BD9D4B200C9FA29 /* Security.framework in Frameworks */,
				2EF55A3A1BD9D4AC00C9FA29 /* QuartzCore.framework in Frameworks */,
				2EF55A381BD9D4A200C9FA29 /* CoreLocation.framework in Frameworks */,
				2EF55A361BD9D49B00C9FA29 /* CoreGraphics.framework in Frameworks */,
				2EF55A341BD9D49400C9FA29 /* CFNetwork.framework in Frameworks */,
				2EF55A321BD9D47E00C9FA29 /* AudioToolbox.framework in Frameworks */,
				2EF55A2B1BD9D45E00C9FA29 /* Parse.framework in Frameworks */,
				2EF55A2C1BD9D45E00C9FA29 /* ParseCrashReporting.framework in Frameworks */,
				2EF55A301BD9D45E00C9FA29 /* ParseUI.framework in Frameworks */,
				2EF55A2D1BD9D45E00C9FA29 /* ParseFacebookUtils.framework in Frameworks */,
				2EF55A2A1BD9D45E00C9FA29 /* Bolts.framework in Frameworks */,
				2EF55A2F1BD9D45E00C9FA29 /* ParseTwitterUtils.framework in Frameworks */,
				2EF55A2E1BD9D45E00C9FA29 /* ParseFacebookUtilsV4.framework in Frameworks */,
			);
			runOnlyForDeploymentPostprocessing = 0;
		};
/* End PBXFrameworksBuildPhase section */

/* Begin PBXGroup section */
		2E8586551BDC6A8F00CB4374 /* Frameworks/Libraries */ = {
			isa = PBXGroup;
			children = (
				2EF55A431BD9D4E400C9FA29 /* libsqlite3.tbd */,
				2EF55A411BD9D4D300C9FA29 /* libz.tbd */,
				2EF55A3F1BD9D4BE00C9FA29 /* SystemConfiguration.framework */,
				2EF55A3D1BD9D4B700C9FA29 /* StoreKit.framework */,
				2EF55A3B1BD9D4B200C9FA29 /* Security.framework */,
				2EF55A391BD9D4AC00C9FA29 /* QuartzCore.framework */,
				2EF55A371BD9D4A100C9FA29 /* CoreLocation.framework */,
				2EF55A351BD9D49B00C9FA29 /* CoreGraphics.framework */,
				2EF55A331BD9D49400C9FA29 /* CFNetwork.framework */,
				2EF55A311BD9D47E00C9FA29 /* AudioToolbox.framework */,
				2EF55A221BD9D45E00C9FA29 /* parse-library-1.9.0 */,
			);
			name = Frameworks/Libraries;
			sourceTree = "<group>";
		};
		2E8586561BDC6AC500CB4374 /* Github */ = {
			isa = PBXGroup;
			children = (
				2E8586531BDC6A4C00CB4374 /* TLT_SIgn_in_app notes.txt */,
				2EB7FF411BDB1DAF00037DB4 /* androidSignIn.html */,
				2EF55A471BD9DA9600C9FA29 /* .gitignore */,
				2E3D21911BD7674A00DDE5F7 /* Design_overview.png */,
				2E2972C41BD46B1100F941F7 /* CONTRIBUTING.md */,
				2EB94A881BD32D0B006C2432 /* README.md */,
			);
			name = Github;
			sourceTree = "<group>";
		};
		2EB94A6A1BD32801006C2432 = {
			isa = PBXGroup;
			children = (
				2E8586561BDC6AC500CB4374 /* Github */,
				2E8586551BDC6A8F00CB4374 /* Frameworks/Libraries */,
				2EB94A751BD32801006C2432 /* TLT_SIgn_in_app */,
				2EB94A741BD32801006C2432 /* Products */,
			);
			sourceTree = "<group>";
		};
		2EB94A741BD32801006C2432 /* Products */ = {
			isa = PBXGroup;
			children = (
				2EB94A731BD32801006C2432 /* TLT_SIgn_in_app.app */,
			);
			name = Products;
			sourceTree = "<group>";
		};
		2EB94A751BD32801006C2432 /* TLT_SIgn_in_app */ = {
			isa = PBXGroup;
			children = (
				2EB94A761BD32801006C2432 /* AppDelegate.swift */,
				2EB94A781BD32801006C2432 /* ViewController.swift */,
				2EB94A7A1BD32801006C2432 /* Main.storyboard */,
				2EB94A7D1BD32801006C2432 /* Assets.xcassets */,
				2EB94A7F1BD32801006C2432 /* LaunchScreen.storyboard */,
				2EB94A821BD32801006C2432 /* Info.plist */,
			);
			path = TLT_SIgn_in_app;
			sourceTree = "<group>";
		};
		2EF55A221BD9D45E00C9FA29 /* parse-library-1.9.0 */ = {
			isa = PBXGroup;
			children = (
				2EF55A231BD9D45E00C9FA29 /* Bolts.framework */,
				2EF55A241BD9D45E00C9FA29 /* Parse.framework */,
				2EF55A251BD9D45E00C9FA29 /* ParseCrashReporting.framework */,
				2EF55A261BD9D45E00C9FA29 /* ParseFacebookUtils.framework */,
				2EF55A271BD9D45E00C9FA29 /* ParseFacebookUtilsV4.framework */,
				2EF55A281BD9D45E00C9FA29 /* ParseTwitterUtils.framework */,
				2EF55A291BD9D45E00C9FA29 /* ParseUI.framework */,
			);
			path = "parse-library-1.9.0";
			sourceTree = "<group>";
		};
/* End PBXGroup section */

/* Begin PBXNativeTarget section */
		2EB94A721BD32801006C2432 /* TLT_SIgn_in_app */ = {
			isa = PBXNativeTarget;
			buildConfigurationList = 2EB94A851BD32801006C2432 /* Build configuration list for PBXNativeTarget "TLT_SIgn_in_app" */;
			buildPhases = (
				2EB94A6F1BD32801006C2432 /* Sources */,
				2EB94A701BD32801006C2432 /* Frameworks */,
				2EB94A711BD32801006C2432 /* Resources */,
			);
			buildRules = (
			);
			dependencies = (
			);
			name = TLT_SIgn_in_app;
			productName = TLT_SIgn_in_app;
			productReference = 2EB94A731BD32801006C2432 /* TLT_SIgn_in_app.app */;
			productType = "com.apple.product-type.application";
		};
/* End PBXNativeTarget section */

/* Begin PBXProject section */
		2EB94A6B1BD32801006C2432 /* Project object */ = {
			isa = PBXProject;
			attributes = {
				LastUpgradeCheck = 0700;
				ORGANIZATIONNAME = "Samy Achour";
				TargetAttributes = {
					2EB94A721BD32801006C2432 = {
						CreatedOnToolsVersion = 7.0.1;
						DevelopmentTeam = U64BTXUUVE;
					};
				};
			};
			buildConfigurationList = 2EB94A6E1BD32801006C2432 /* Build configuration list for PBXProject "TLT_SIgn_in_app" */;
			compatibilityVersion = "Xcode 3.2";
			developmentRegion = English;
			hasScannedForEncodings = 0;
			knownRegions = (
				en,
				Base,
			);
			mainGroup = 2EB94A6A1BD32801006C2432;
			productRefGroup = 2EB94A741BD32801006C2432 /* Products */;
			projectDirPath = "";
			projectRoot = "";
			targets = (
				2EB94A721BD32801006C2432 /* TLT_SIgn_in_app */,
			);
		};
/* End PBXProject section */

/* Begin PBXResourcesBuildPhase section */
		2EB94A711BD32801006C2432 /* Resources */ = {
			isa = PBXResourcesBuildPhase;
			buildActionMask = 2147483647;
			files = (
				2EF55A481BD9DA9600C9FA29 /* .gitignore in Resources */,
				2E8586541BDC6A4C00CB4374 /* TLT_SIgn_in_app notes.txt in Resources */,
				2EB94A811BD32801006C2432 /* LaunchScreen.storyboard in Resources */,
				2EB94A7E1BD32801006C2432 /* Assets.xcassets in Resources */,
				2EB94A7C1BD32801006C2432 /* Main.storyboard in Resources */,
			);
			runOnlyForDeploymentPostprocessing = 0;
		};
/* End PBXResourcesBuildPhase section */

/* Begin PBXSourcesBuildPhase section */
		2EB94A6F1BD32801006C2432 /* Sources */ = {
			isa = PBXSourcesBuildPhase;
			buildActionMask = 2147483647;
			files = (
				2EB94A791BD32801006C2432 /* ViewController.swift in Sources */,
				2EB94A771BD32801006C2432 /* AppDelegate.swift in Sources */,
			);
			runOnlyForDeploymentPostprocessing = 0;
		};
/* End PBXSourcesBuildPhase section */

/* Begin PBXVariantGroup section */
		2EB94A7A1BD32801006C2432 /* Main.storyboard */ = {
			isa = PBXVariantGroup;
			children = (
				2EB94A7B1BD32801006C2432 /* Base */,
			);
			name = Main.storyboard;
			sourceTree = "<group>";
		};
		2EB94A7F1BD32801006C2432 /* LaunchScreen.storyboard */ = {
			isa = PBXVariantGroup;
			children = (
				2EB94A801BD32801006C2432 /* Base */,
			);
			name = LaunchScreen.storyboard;
			sourceTree = "<group>";
		};
/* End PBXVariantGroup section */

/* Begin XCBuildConfiguration section */
		2EB94A831BD32801006C2432 /* Debug */ = {
			isa = XCBuildConfiguration;
			buildSettings = {
				ALWAYS_SEARCH_USER_PATHS = NO;
				CLANG_CXX_LANGUAGE_STANDARD = "gnu++0x";
				CLANG_CXX_LIBRARY = "libc++";
				CLANG_ENABLE_MODULES = YES;
				CLANG_ENABLE_OBJC_ARC = YES;
				CLANG_WARN_BOOL_CONVERSION = YES;
				CLANG_WARN_CONSTANT_CONVERSION = YES;
				CLANG_WARN_DIRECT_OBJC_ISA_USAGE = YES_ERROR;
				CLANG_WARN_EMPTY_BODY = YES;
				CLANG_WARN_ENUM_CONVERSION = YES;
				CLANG_WARN_INT_CONVERSION = YES;
				CLANG_WARN_OBJC_ROOT_CLASS = YES_ERROR;
				CLANG_WARN_UNREACHABLE_CODE = YES;
				CLANG_WARN__DUPLICATE_METHOD_MATCH = YES;
				"CODE_SIGN_IDENTITY[sdk=iphoneos*]" = "iPhone Developer";
				COPY_PHASE_STRIP = NO;
				DEBUG_INFORMATION_FORMAT = dwarf;
				ENABLE_STRICT_OBJC_MSGSEND = YES;
				ENABLE_TESTABILITY = YES;
				GCC_C_LANGUAGE_STANDARD = gnu99;
				GCC_DYNAMIC_NO_PIC = NO;
				GCC_NO_COMMON_BLOCKS = YES;
				GCC_OPTIMIZATION_LEVEL = 0;
				GCC_PREPROCESSOR_DEFINITIONS = (
					"DEBUG=1",
					"$(inherited)",
				);
				GCC_WARN_64_TO_32_BIT_CONVERSION = YES;
				GCC_WARN_ABOUT_RETURN_TYPE = YES_ERROR;
				GCC_WARN_UNDECLARED_SELECTOR = YES;
				GCC_WARN_UNINITIALIZED_AUTOS = YES_AGGRESSIVE;
				GCC_WARN_UNUSED_FUNCTION = YES;
				GCC_WARN_UNUSED_VARIABLE = YES;
				IPHONEOS_DEPLOYMENT_TARGET = 9.0;
				MTL_ENABLE_DEBUG_INFO = YES;
				ONLY_ACTIVE_ARCH = YES;
				SDKROOT = iphoneos;
				SWIFT_OPTIMIZATION_LEVEL = "-Onone";
				TARGETED_DEVICE_FAMILY = "1,2";
			};
			name = Debug;
		};
		2EB94A841BD32801006C2432 /* Release */ = {
			isa = XCBuildConfiguration;
			buildSettings = {
				ALWAYS_SEARCH_USER_PATHS = NO;
				CLANG_CXX_LANGUAGE_STANDARD = "gnu++0x";
				CLANG_CXX_LIBRARY = "libc++";
				CLANG_ENABLE_MODULES = YES;
				CLANG_ENABLE_OBJC_ARC = YES;
				CLANG_WARN_BOOL_CONVERSION = YES;
				CLANG_WARN_CONSTANT_CONVERSION = YES;
				CLANG_WARN_DIRECT_OBJC_ISA_USAGE = YES_ERROR;
				CLANG_WARN_EMPTY_BODY = YES;
				CLANG_WARN_ENUM_CONVERSION = YES;
				CLANG_WARN_INT_CONVERSION = YES;
				CLANG_WARN_OBJC_ROOT_CLASS = YES_ERROR;
				CLANG_WARN_UNREACHABLE_CODE = YES;
				CLANG_WARN__DUPLICATE_METHOD_MATCH = YES;
				"CODE_SIGN_IDENTITY[sdk=iphoneos*]" = "iPhone Developer";
				COPY_PHASE_STRIP = NO;
				DEBUG_INFORMATION_FORMAT = "dwarf-with-dsym";
				ENABLE_NS_ASSERTIONS = NO;
				ENABLE_STRICT_OBJC_MSGSEND = YES;
				GCC_C_LANGUAGE_STANDARD = gnu99;
				GCC_NO_COMMON_BLOCKS = YES;
				GCC_WARN_64_TO_32_BIT_CONVERSION = YES;
				GCC_WARN_ABOUT_RETURN_TYPE = YES_ERROR;
				GCC_WARN_UNDECLARED_SELECTOR = YES;
				GCC_WARN_UNINITIALIZED_AUTOS = YES_AGGRESSIVE;
				GCC_WARN_UNUSED_FUNCTION = YES;
				GCC_WARN_UNUSED_VARIABLE = YES;
				IPHONEOS_DEPLOYMENT_TARGET = 9.0;
				MTL_ENABLE_DEBUG_INFO = NO;
				SDKROOT = iphoneos;
				TARGETED_DEVICE_FAMILY = "1,2";
				VALIDATE_PRODUCT = YES;
			};
			name = Release;
		};
		2EB94A861BD32801006C2432 /* Debug */ = {
			isa = XCBuildConfiguration;
			buildSettings = {
				ASSETCATALOG_COMPILER_APPICON_NAME = AppIcon;
				FRAMEWORK_SEARCH_PATHS = (
					"$(inherited)",
					"$(PROJECT_DIR)/parse-library-1.9.0",
				);
				INFOPLIST_FILE = TLT_SIgn_in_app/Info.plist;
				LD_RUNPATH_SEARCH_PATHS = "$(inherited) @executable_path/Frameworks";
				PRODUCT_BUNDLE_IDENTIFIER = "com.SamyAchour.TLT-SIgn-in-app";
				PRODUCT_NAME = "$(TARGET_NAME)";
			};
			name = Debug;
		};
		2EB94A871BD32801006C2432 /* Release */ = {
			isa = XCBuildConfiguration;
			buildSettings = {
				ASSETCATALOG_COMPILER_APPICON_NAME = AppIcon;
				FRAMEWORK_SEARCH_PATHS = (
					"$(inherited)",
					"$(PROJECT_DIR)/parse-library-1.9.0",
				);
				INFOPLIST_FILE = TLT_SIgn_in_app/Info.plist;
				LD_RUNPATH_SEARCH_PATHS = "$(inherited) @executable_path/Frameworks";
				PRODUCT_BUNDLE_IDENTIFIER = "com.SamyAchour.TLT-SIgn-in-app";
				PRODUCT_NAME = "$(TARGET_NAME)";
			};
			name = Release;
		};
/* End XCBuildConfiguration section */

/* Begin XCConfigurationList section */
		2EB94A6E1BD32801006C2432 /* Build configuration list for PBXProject "TLT_SIgn_in_app" */ = {
			isa = XCConfigurationList;
			buildConfigurations = (
				2EB94A831BD32801006C2432 /* Debug */,
				2EB94A841BD32801006C2432 /* Release */,
			);
			defaultConfigurationIsVisible = 0;
			defaultConfigurationName = Release;
		};
		2EB94A851BD32801006C2432 /* Build configuration list for PBXNativeTarget "TLT_SIgn_in_app" */ = {
			isa = XCConfigurationList;
			buildConfigurations = (
				2EB94A861BD32801006C2432 /* Debug */,
				2EB94A871BD32801006C2432 /* Release */,
			);
			defaultConfigurationIsVisible = 0;
			defaultConfigurationName = Release;
		};
/* End XCConfigurationList section */
	};
	rootObject = 2EB94A6B1BD32801006C2432 /* Project object */;
}
